
Microsoft Visual Studio Solution File, Format Version 12.00
# Visual Studio Version 16
VisualStudioVersion = 16.0.30717.126
MinimumVisualStudioVersion = 10.0.40219.1
Project("{9A19103F-16F7-4668-BE54-9A1E7A4F7556}") = "Task2Solution", "Task2Solution.csproj", "{25C10C99-D98F-4927-A5CF-C76AF0E2F050}"
EndProject
Project("{FAE04EC0-301F-11D3-BF4B-00C04F79EFBC}") = "Task2Solution.Utilities", "..\Task2Solution.Utilities\Task2Solution.Utilities.csproj", "{20A7F4BF-78E5-4115-9069-6E41DAC8BAA9}"
EndProject
Project("{FAE04EC0-301F-11D3-BF4B-00C04F79EFBC}") = "Task2Solution.core", "..\Task2Solution.core\Task2Solution.core.csproj", "{BCBFBE96-88A4-4D4F-BEDD-CA49D283AEFC}"
EndProject
Project("{FAE04EC0-301F-11D3-BF4B-00C04F79EFBC}") = "Task2Solution.Models", "..\Task2Solution.Models\Task2Solution.Models.csproj", "{8D502342-677C-4636-95F5-79448E07614B}"
EndProject
Project("{FAE04EC0-301F-11D3-BF4B-00C04F79EFBC}") = "Task2Solution.Data", "..\Task2Solution.Data\Task2Solution.Data.csproj", "{37F075F9-5A14-419A-B504-893B953ABBC9}"
EndProject
Global
	GlobalSection(SolutionConfigurationPlatforms) = preSolution
		Debug|Any CPU = Debug|Any CPU
		Release|Any CPU = Release|Any CPU
	EndGlobalSection
	GlobalSection(ProjectConfigurationPlatforms) = postSolution
		{25C10C99-D98F-4927-A5CF-C76AF0E2F050}.Debug|Any CPU.ActiveCfg = Debug|Any CPU
		{25C10C99-D98F-4927-A5CF-C76AF0E2F050}.Debug|Any CPU.Build.0 = Debug|Any CPU
		{25C10C99-D98F-4927-A5CF-C76AF0E2F050}.Release|Any CPU.ActiveCfg = Release|Any CPU
		{25C10C99-D98F-4927-A5CF-C76AF0E2F050}.Release|Any CPU.Build.0 = Release|Any CPU
		{20A7F4BF-78E5-4115-9069-6E41DAC8BAA9}.Debug|Any CPU.ActiveCfg = Debug|Any CPU
		{20A7F4BF-78E5-4115-9069-6E41DAC8BAA9}.Debug|Any CPU.Build.0 = Debug|Any CPU
		{20A7F4BF-78E5-4115-9069-6E41DAC8BAA9}.Release|Any CPU.ActiveCfg = Release|Any CPU
		{20A7F4BF-78E5-4115-9069-6E41DAC8BAA9}.Release|Any CPU.Build.0 = Release|Any CPU
		{BCBFBE96-88A4-4D4F-BEDD-CA49D283AEFC}.Debug|Any CPU.ActiveCfg = Debug|Any CPU
		{BCBFBE96-88A4-4D4F-BEDD-CA49D283AEFC}.Debug|Any CPU.Build.0 = Debug|Any CPU
		{BCBFBE96-88A4-4D4F-BEDD-CA49D283AEFC}.Release|Any CPU.ActiveCfg = Release|Any CPU
		{BCBFBE96-88A4-4D4F-BEDD-CA49D283AEFC}.Release|Any CPU.Build.0 = Release|Any CPU
		{8D502342-677C-4636-95F5-79448E07614B}.Debug|Any CPU.ActiveCfg = Debug|Any CPU
		{8D502342-677C-4636-95F5-79448E07614B}.Debug|Any CPU.Build.0 = Debug|Any CPU
		{8D502342-677C-4636-95F5-79448E07614B}.Release|Any CPU.ActiveCfg = Release|Any CPU
		{8D502342-677C-4636-95F5-79448E07614B}.Release|Any CPU.Build.0 = Release|Any CPU
		{37F075F9-5A14-419A-B504-893B953ABBC9}.Debug|Any CPU.ActiveCfg = Debug|Any CPU
		{37F075F9-5A14-419A-B504-893B953ABBC9}.Debug|Any CPU.Build.0 = Debug|Any CPU
		{37F075F9-5A14-419A-B504-893B953ABBC9}.Release|Any CPU.ActiveCfg = Release|Any CPU
		{37F075F9-5A14-419A-B504-893B953ABBC9}.Release|Any CPU.Build.0 = Release|Any CPU
	EndGlobalSection
	GlobalSection(SolutionProperties) = preSolution
		HideSolutionNode = FALSE
	EndGlobalSection
	GlobalSection(ExtensibilityGlobals) = postSolution
		SolutionGuid = {31292D22-CC56-4199-A5B7-959DAD2D6EDE}
	EndGlobalSection
EndGlobal
